// !$*UTF8*$!
{
	archiveVersion = 1;
	classes = {
	};
	objectVersion = 46;
	objects = {

/* Begin PBXBuildFile section */
		453463B71E7C0162000D3A52 /* smile.png in Resources */ = {isa = PBXBuildFile; fileRef = 453463B61E7C0162000D3A52 /* smile.png */; };
		453463B91E7C07B9000D3A52 /* MediaPlayer.framework in Frameworks */ = {isa = PBXBuildFile; fileRef = 453463B81E7C07B9000D3A52 /* MediaPlayer.framework */; };
		453463BB1E7C07C0000D3A52 /* MediaToolbox.framework in Frameworks */ = {isa = PBXBuildFile; fileRef = 453463BA1E7C07C0000D3A52 /* MediaToolbox.framework */; };
		453463BD1E7C07C8000D3A52 /* MediaAccessibility.framework in Frameworks */ = {isa = PBXBuildFile; fileRef = 453463BC1E7C07C8000D3A52 /* MediaAccessibility.framework */; };
		453463BF1E7C07D4000D3A52 /* CoreAudio.framework in Frameworks */ = {isa = PBXBuildFile; fileRef = 453463BE1E7C07D4000D3A52 /* CoreAudio.framework */; };
		453463C11E7C07DA000D3A52 /* AudioToolbox.framework in Frameworks */ = {isa = PBXBuildFile; fileRef = 453463C01E7C07DA000D3A52 /* AudioToolbox.framework */; };
		45ACB1D71E72C83B001C39F0 /* main.m in Sources */ = {isa = PBXBuildFile; fileRef = 45ACB1D61E72C83B001C39F0 /* main.m */; };
		45ACB1DA1E72C83B001C39F0 /* AppDelegate.m in Sources */ = {isa = PBXBuildFile; fileRef = 45ACB1D91E72C83B001C39F0 /* AppDelegate.m */; };
		45ACB1DD1E72C83B001C39F0 /* ViewController.m in Sources */ = {isa = PBXBuildFile; fileRef = 45ACB1DC1E72C83B001C39F0 /* ViewController.m */; };
		45ACB1E01E72C83B001C39F0 /* Main.storyboard in Resources */ = {isa = PBXBuildFile; fileRef = 45ACB1DE1E72C83B001C39F0 /* Main.storyboard */; };
		45ACB1E21E72C83B001C39F0 /* Assets.xcassets in Resources */ = {isa = PBXBuildFile; fileRef = 45ACB1E11E72C83B001C39F0 /* Assets.xcassets */; };
		45ACB1E51E72C83B001C39F0 /* LaunchScreen.storyboard in Resources */ = {isa = PBXBuildFile; fileRef = 45ACB1E31E72C83B001C39F0 /* LaunchScreen.storyboard */; };
		45ACB2041E72CA16001C39F0 /* AVFoundation.framework in Frameworks */ = {isa = PBXBuildFile; fileRef = 45ACB2031E72CA16001C39F0 /* AVFoundation.framework */; };
		45ACB2061E72CA1C001C39F0 /* CoreGraphics.framework in Frameworks */ = {isa = PBXBuildFile; fileRef = 45ACB2051E72CA1C001C39F0 /* CoreGraphics.framework */; };
		45ACB2081E72CA23001C39F0 /* CoreMedia.framework in Frameworks */ = {isa = PBXBuildFile; fileRef = 45ACB2071E72CA23001C39F0 /* CoreMedia.framework */; };
		45ACB20A1E72CA29001C39F0 /* QuartzCore.framework in Frameworks */ = {isa = PBXBuildFile; fileRef = 45ACB2091E72CA29001C39F0 /* QuartzCore.framework */; };
		45ACB20D1E72CBD5001C39F0 /* Movie.m4v in Resources */ = {isa = PBXBuildFile; fileRef = 45ACB20B1E72CBD5001C39F0 /* Movie.m4v */; };
		45ACB20E1E72CBD5001C39F0 /* Music.m4a in Resources */ = {isa = PBXBuildFile; fileRef = 45ACB20C1E72CBD5001C39F0 /* Music.m4a */; };
/* End PBXBuildFile section */

/* Begin PBXFileReference section */
		453463B61E7C0162000D3A52 /* smile.png */ = {isa = PBXFileReference; lastKnownFileType = image.png; path = smile.png; sourceTree = "<group>"; };
		453463B81E7C07B9000D3A52 /* MediaPlayer.framework */ = {isa = PBXFileReference; lastKnownFileType = wrapper.framework; name = MediaPlayer.framework; path = System/Library/Frameworks/MediaPlayer.framework; sourceTree = SDKROOT; };
		453463BA1E7C07C0000D3A52 /* MediaToolbox.framework */ = {isa = PBXFileReference; lastKnownFileType = wrapper.framework; name = MediaToolbox.framework; path = System/Library/Frameworks/MediaToolbox.framework; sourceTree = SDKROOT; };
		453463BC1E7C07C8000D3A52 /* MediaAccessibility.framework */ = {isa = PBXFileReference; lastKnownFileType = wrapper.framework; name = MediaAccessibility.framework; path = System/Library/Frameworks/MediaAccessibility.framework; sourceTree = SDKROOT; };
		453463BE1E7C07D4000D3A52 /* CoreAudio.framework */ = {isa = PBXFileReference; lastKnownFileType = wrapper.framework; name = CoreAudio.framework; path = System/Library/Frameworks/CoreAudio.framework; sourceTree = SDKROOT; };
		453463C01E7C07DA000D3A52 /* AudioToolbox.framework */ = {isa = PBXFileReference; lastKnownFileType = wrapper.framework; name = AudioToolbox.framework; path = System/Library/Frameworks/AudioToolbox.framework; sourceTree = SDKROOT; };
		45ACB1D21E72C83B001C39F0 /* EditVideo.app */ = {isa = PBXFileReference; explicitFileType = wrapper.application; includeInIndex = 0; path = EditVideo.app; sourceTree = BUILT_PRODUCTS_DIR; };
		45ACB1D61E72C83B001C39F0 /* main.m */ = {isa = PBXFileReference; lastKnownFileType = sourcecode.c.objc; path = main.m; sourceTree = "<group>"; };
		45ACB1D81E72C83B001C39F0 /* AppDelegate.h */ = {isa = PBXFileReference; lastKnownFileType = sourcecode.c.h; path = AppDelegate.h; sourceTree = "<group>"; };
		45ACB1D91E72C83B001C39F0 /* AppDelegate.m */ = {isa = PBXFileReference; lastKnownFileType = sourcecode.c.objc; path = AppDelegate.m; sourceTree = "<group>"; };
		45ACB1DB1E72C83B001C39F0 /* ViewController.h */ = {isa = PBXFileReference; lastKnownFileType = sourcecode.c.h; path = ViewController.h; sourceTree = "<group>"; };
		45ACB1DC1E72C83B001C39F0 /* ViewController.m */ = {isa = PBXFileReference; lastKnownFileType = sourcecode.c.objc; path = ViewController.m; sourceTree = "<group>"; };
		45ACB1DF1E72C83B001C39F0 /* Base */ = {isa = PBXFileReference; lastKnownFileType = file.storyboard; name = Base; path = Base.lproj/Main.storyboard; sourceTree = "<group>"; };
		45ACB1E11E72C83B001C39F0 /* Assets.xcassets */ = {isa = PBXFileReference; lastKnownFileType = folder.assetcatalog; path = Assets.xcassets; sourceTree = "<group>"; };
		45ACB1E41E72C83B001C39F0 /* Base */ = {isa = PBXFileReference; lastKnownFileType = file.storyboard; name = Base; path = Base.lproj/LaunchScreen.storyboard; sourceTree = "<group>"; };
		45ACB1E61E72C83B001C39F0 /* Info.plist */ = {isa = PBXFileReference; lastKnownFileType = text.plist.xml; path = Info.plist; sourceTree = "<group>"; };
		45ACB2031E72CA16001C39F0 /* AVFoundation.framework */ = {isa = PBXFileReference; lastKnownFileType = wrapper.framework; name = AVFoundation.framework; path = System/Library/Frameworks/AVFoundation.framework; sourceTree = SDKROOT; };
		45ACB2051E72CA1C001C39F0 /* CoreGraphics.framework */ = {isa = PBXFileReference; lastKnownFileType = wrapper.framework; name = CoreGraphics.framework; path = System/Library/Frameworks/CoreGraphics.framework; sourceTree = SDKROOT; };
		45ACB2071E72CA23001C39F0 /* CoreMedia.framework */ = {isa = PBXFileReference; lastKnownFileType = wrapper.framework; name = CoreMedia.framework; path = System/Library/Frameworks/CoreMedia.framework; sourceTree = SDKROOT; };
		45ACB2091E72CA29001C39F0 /* QuartzCore.framework */ = {isa = PBXFileReference; lastKnownFileType = wrapper.framework; name = QuartzCore.framework; path = System/Library/Frameworks/QuartzCore.framework; sourceTree = SDKROOT; };
		45ACB20B1E72CBD5001C39F0 /* Movie.m4v */ = {isa = PBXFileReference; lastKnownFileType = file; path = Movie.m4v; sourceTree = "<group>"; };
		45ACB20C1E72CBD5001C39F0 /* Music.m4a */ = {isa = PBXFileReference; lastKnownFileType = file; path = Music.m4a; sourceTree = "<group>"; };
/* End PBXFileReference section */

/* Begin PBXFrameworksBuildPhase section */
		45ACB1CF1E72C83B001C39F0 /* Frameworks */ = {
			isa = PBXFrameworksBuildPhase;
			buildActionMask = 2147483647;
			files = (
				453463C11E7C07DA000D3A52 /* AudioToolbox.framework in Frameworks */,
				453463BF1E7C07D4000D3A52 /* CoreAudio.framework in Frameworks */,
				453463BD1E7C07C8000D3A52 /* MediaAccessibility.framework in Frameworks */,
				453463BB1E7C07C0000D3A52 /* MediaToolbox.framework in Frameworks */,
				453463B91E7C07B9000D3A52 /* MediaPlayer.framework in Frameworks */,
				45ACB20A1E72CA29001C39F0 /* QuartzCore.framework in Frameworks */,
				45ACB2081E72CA23001C39F0 /* CoreMedia.framework in Frameworks */,
				45ACB2061E72CA1C001C39F0 /* CoreGraphics.framework in Frameworks */,
				45ACB2041E72CA16001C39F0 /* AVFoundation.framework in Frameworks */,
			);
			runOnlyForDeploymentPostprocessing = 0;
		};
/* End PBXFrameworksBuildPhase section */

/* Begin PBXGroup section */
		45ACB1C91E72C83A001C39F0 = {
			isa = PBXGroup;
			children = (
				45ACB1D41E72C83B001C39F0 /* EditVideo */,
				45ACB1D31E72C83B001C39F0 /* Products */,
				45ACB2021E72CA16001C39F0 /* Frameworks */,
			);
			sourceTree = "<group>";
		};
		45ACB1D31E72C83B001C39F0 /* Products */ = {
			isa = PBXGroup;
			children = (
				45ACB1D21E72C83B001C39F0 /* EditVideo.app */,
			);
			name = Products;
			sourceTree = "<group>";
		};
		45ACB1D41E72C83B001C39F0 /* EditVideo */ = {
			isa = PBXGroup;
			children = (
				45ACB1D81E72C83B001C39F0 /* AppDelegate.h */,
				45ACB1D91E72C83B001C39F0 /* AppDelegate.m */,
				45ACB1DB1E72C83B001C39F0 /* ViewController.h */,
				45ACB1DC1E72C83B001C39F0 /* ViewController.m */,
				45ACB1D51E72C83B001C39F0 /* Supporting Files */,
			);
			path = EditVideo;
			sourceTree = "<group>";
		};
		45ACB1D51E72C83B001C39F0 /* Supporting Files */ = {
			isa = PBXGroup;
			children = (
				453463B61E7C0162000D3A52 /* smile.png */,
				45ACB20B1E72CBD5001C39F0 /* Movie.m4v */,
				45ACB20C1E72CBD5001C39F0 /* Music.m4a */,
				45ACB1DE1E72C83B001C39F0 /* Main.storyboard */,
				45ACB1E11E72C83B001C39F0 /* Assets.xcassets */,
				45ACB1E31E72C83B001C39F0 /* LaunchScreen.storyboard */,
				45ACB1E61E72C83B001C39F0 /* Info.plist */,
				45ACB1D61E72C83B001C39F0 /* main.m */,
			);
			name = "Supporting Files";
			sourceTree = "<group>";
		};
		45ACB2021E72CA16001C39F0 /* Frameworks */ = {
			isa = PBXGroup;
			children = (
				453463C01E7C07DA000D3A52 /* AudioToolbox.framework */,
				453463BE1E7C07D4000D3A52 /* CoreAudio.framework */,
				453463BC1E7C07C8000D3A52 /* MediaAccessibility.framework */,
				453463BA1E7C07C0000D3A52 /* MediaToolbox.framework */,
				453463B81E7C07B9000D3A52 /* MediaPlayer.framework */,
				45ACB2091E72CA29001C39F0 /* QuartzCore.framework */,
				45ACB2071E72CA23001C39F0 /* CoreMedia.framework */,
				45ACB2051E72CA1C001C39F0 /* CoreGraphics.framework */,
				45ACB2031E72CA16001C39F0 /* AVFoundation.framework */,
			);
			name = Frameworks;
			sourceTree = "<group>";
		};
/* End PBXGroup section */

/* Begin PBXNativeTarget section */
		45ACB1D11E72C83B001C39F0 /* EditVideo */ = {
			isa = PBXNativeTarget;
			buildConfigurationList = 45ACB1E91E72C83B001C39F0 /* Build configuration list for PBXNativeTarget "EditVideo" */;
			buildPhases = (
				45ACB1CE1E72C83B001C39F0 /* Sources */,
				45ACB1CF1E72C83B001C39F0 /* Frameworks */,
				45ACB1D01E72C83B001C39F0 /* Resources */,
			);
			buildRules = (
			);
			dependencies = (
			);
			name = EditVideo;
			productName = EditVideo;
			productReference = 45ACB1D21E72C83B001C39F0 /* EditVideo.app */;
			productType = "com.apple.product-type.application";
		};
/* End PBXNativeTarget section */

/* Begin PBXProject section */
		45ACB1CA1E72C83A001C39F0 /* Project object */ = {
			isa = PBXProject;
			attributes = {
				LastUpgradeCheck = 0820;
				ORGANIZATIONNAME = WallTree;
				TargetAttributes = {
					45ACB1D11E72C83B001C39F0 = {
						CreatedOnToolsVersion = 8.2.1;
						DevelopmentTeam = 382AHJM468;
						ProvisioningStyle = Automatic;
					};
				};
			};
			buildConfigurationList = 45ACB1CD1E72C83A001C39F0 /* Build configuration list for PBXProject "EditVideo" */;
			compatibilityVersion = "Xcode 3.2";
			developmentRegion = English;
			hasScannedForEncodings = 0;
			knownRegions = (
				en,
				Base,
			);
			mainGroup = 45ACB1C91E72C83A001C39F0;
			productRefGroup = 45ACB1D31E72C83B001C39F0 /* Products */;
			projectDirPath = "";
			projectRoot = "";
			targets = (
				45ACB1D11E72C83B001C39F0 /* EditVideo */,
			);
		};
/* End PBXProject section */

/* Begin PBXResourcesBuildPhase section */
		45ACB1D01E72C83B001C39F0 /* Resources */ = {
			isa = PBXResourcesBuildPhase;
			buildActionMask = 2147483647;
			files = (
				45ACB20E1E72CBD5001C39F0 /* Music.m4a in Resources */,
				45ACB1E51E72C83B001C39F0 /* LaunchScreen.storyboard in Resources */,
				45ACB1E21E72C83B001C39F0 /* Assets.xcassets in Resources */,
				45ACB20D1E72CBD5001C39F0 /* Movie.m4v in Resources */,
				453463B71E7C0162000D3A52 /* smile.png in Resources */,
				45ACB1E01E72C83B001C39F0 /* Main.storyboard in Resources */,
			);
			runOnlyForDeploymentPostprocessing = 0;
		};
/* End PBXResourcesBuildPhase section */

/* Begin PBXSourcesBuildPhase section */
		45ACB1CE1E72C83B001C39F0 /* Sources */ = {
			isa = PBXSourcesBuildPhase;
			buildActionMask = 2147483647;
			files = (
				45ACB1DD1E72C83B001C39F0 /* ViewController.m in Sources */,
				45ACB1DA1E72C83B001C39F0 /* AppDelegate.m in Sources */,
				45ACB1D71E72C83B001C39F0 /* main.m in Sources */,
			);
			runOnlyForDeploymentPostprocessing = 0;
		};
/* End PBXSourcesBuildPhase section */

/* Begin PBXVariantGroup section */
		45ACB1DE1E72C83B001C39F0 /* Main.storyboard */ = {
			isa = PBXVariantGroup;
			children = (
				45ACB1DF1E72C83B001C39F0 /* Base */,
			);
			name = Main.storyboard;
			sourceTree = "<group>";
		};
		45ACB1E31E72C83B001C39F0 /* LaunchScreen.storyboard */ = {
			isa = PBXVariantGroup;
			children = (
				45ACB1E41E72C83B001C39F0 /* Base */,
			);
			name = LaunchScreen.storyboard;
			sourceTree = "<group>";
		};
/* End PBXVariantGroup section */

/* Begin XCBuildConfiguration section */
		45ACB1E71E72C83B001C39F0 /* Debug */ = {
			isa = XCBuildConfiguration;
			buildSettings = {
				ALWAYS_SEARCH_USER_PATHS = NO;
				CLANG_ANALYZER_NONNULL = YES;
				CLANG_CXX_LANGUAGE_STANDARD = "gnu++0x";
				CLANG_CXX_LIBRARY = "libc++";
				CLANG_ENABLE_MODULES = YES;
				CLANG_ENABLE_OBJC_ARC = YES;
				CLANG_WARN_BOOL_CONVERSION = YES;
				CLANG_WARN_CONSTANT_CONVERSION = YES;
				CLANG_WARN_DIRECT_OBJC_ISA_USAGE = YES_ERROR;
				CLANG_WARN_DOCUMENTATION_COMMENTS = YES;
				CLANG_WARN_EMPTY_BODY = YES;
				CLANG_WARN_ENUM_CONVERSION = YES;
				CLANG_WARN_INFINITE_RECURSION = YES;
				CLANG_WARN_INT_CONVERSION = YES;
				CLANG_WARN_OBJC_ROOT_CLASS = YES_ERROR;
				CLANG_WARN_SUSPICIOUS_MOVE = YES;
				CLANG_WARN_UNREACHABLE_CODE = YES;
				CLANG_WARN__DUPLICATE_METHOD_MATCH = YES;
				"CODE_SIGN_IDENTITY[sdk=iphoneos*]" = "iPhone Developer";
				COPY_PHASE_STRIP = NO;
				DEBUG_INFORMATION_FORMAT = dwarf;
				ENABLE_STRICT_OBJC_MSGSEND = YES;
				ENABLE_TESTABILITY = YES;
				GCC_C_LANGUAGE_STANDARD = gnu99;
				GCC_DYNAMIC_NO_PIC = NO;
				GCC_NO_COMMON_BLOCKS = YES;
				GCC_OPTIMIZATION_LEVEL = 0;
				GCC_PREPROCESSOR_DEFINITIONS = (
					"DEBUG=1",
					"$(inherited)",
				);
				GCC_WARN_64_TO_32_BIT_CONVERSION = YES;
				GCC_WARN_ABOUT_RETURN_TYPE = YES_ERROR;
				GCC_WARN_UNDECLARED_SELECTOR = YES;
				GCC_WARN_UNINITIALIZED_AUTOS = YES_AGGRESSIVE;
				GCC_WARN_UNUSED_FUNCTION = YES;
				GCC_WARN_UNUSED_VARIABLE = YES;
				IPHONEOS_DEPLOYMENT_TARGET = 10.2;
				MTL_ENABLE_DEBUG_INFO = YES;
				ONLY_ACTIVE_ARCH = YES;
				SDKROOT = iphoneos;
			};
			name = Debug;
		};
		45ACB1E81E72C83B001C39F0 /* Release */ = {
			isa = XCBuildConfiguration;
			buildSettings = {
				ALWAYS_SEARCH_USER_PATHS = NO;
				CLANG_ANALYZER_NONNULL = YES;
				CLANG_CXX_LANGUAGE_STANDARD = "gnu++0x";
				CLANG_CXX_LIBRARY = "libc++";
				CLANG_ENABLE_MODULES = YES;
				CLANG_ENABLE_OBJC_ARC = YES;
				CLANG_WARN_BOOL_CONVERSION = YES;
				CLANG_WARN_CONSTANT_CONVERSION = YES;
				CLANG_WARN_DIRECT_OBJC_ISA_USAGE = YES_ERROR;
				CLANG_WARN_DOCUMENTATION_COMMENTS = YES;
				CLANG_WARN_EMPTY_BODY = YES;
				CLANG_WARN_ENUM_CONVERSION = YES;
				CLANG_WARN_INFINITE_RECURSION = YES;
				CLANG_WARN_INT_CONVERSION = YES;
				CLANG_WARN_OBJC_ROOT_CLASS = YES_ERROR;
				CLANG_WARN_SUSPICIOUS_MOVE = YES;
				CLANG_WARN_UNREACHABLE_CODE = YES;
				CLANG_WARN__DUPLICATE_METHOD_MATCH = YES;
				"CODE_SIGN_IDENTITY[sdk=iphoneos*]" = "iPhone Developer";
				COPY_PHASE_STRIP = NO;
				DEBUG_INFORMATION_FORMAT = "dwarf-with-dsym";
				ENABLE_NS_ASSERTIONS = NO;
				ENABLE_STRICT_OBJC_MSGSEND = YES;
				GCC_C_LANGUAGE_STANDARD = gnu99;
				GCC_NO_COMMON_BLOCKS = YES;
				GCC_WARN_64_TO_32_BIT_CONVERSION = YES;
				GCC_WARN_ABOUT_RETURN_TYPE = YES_ERROR;
				GCC_WARN_UNDECLARED_SELECTOR = YES;
				GCC_WARN_UNINITIALIZED_AUTOS = YES_AGGRESSIVE;
				GCC_WARN_UNUSED_FUNCTION = YES;
				GCC_WARN_UNUSED_VARIABLE = YES;
				IPHONEOS_DEPLOYMENT_TARGET = 10.2;
				MTL_ENABLE_DEBUG_INFO = NO;
				SDKROOT = iphoneos;
				VALIDATE_PRODUCT = YES;
			};
			name = Release;
		};
		45ACB1EA1E72C83B001C39F0 /* Debug */ = {
			isa = XCBuildConfiguration;
			buildSettings = {
				ASSETCATALOG_COMPILER_APPICON_NAME = AppIcon;
				DEVELOPMENT_TEAM = 382AHJM468;
				INFOPLIST_FILE = EditVideo/Info.plist;
				LD_RUNPATH_SEARCH_PATHS = "$(inherited) @executable_path/Frameworks";
				PRODUCT_BUNDLE_IDENTIFIER = com.EditVideo;
				PRODUCT_NAME = "$(TARGET_NAME)";
			};
			name = Debug;
		};
		45ACB1EB1E72C83B001C39F0 /* Release */ = {
			isa = XCBuildConfiguration;
			buildSettings = {
				ASSETCATALOG_COMPILER_APPICON_NAME = AppIcon;
				DEVELOPMENT_TEAM = 382AHJM468;
				INFOPLIST_FILE = EditVideo/Info.plist;
				LD_RUNPATH_SEARCH_PATHS = "$(inherited) @executable_path/Frameworks";
				PRODUCT_BUNDLE_IDENTIFIER = com.EditVideo;
				PRODUCT_NAME = "$(TARGET_NAME)";
			};
			name = Release;
		};
/* End XCBuildConfiguration section */

/* Begin XCConfigurationList section */
		45ACB1CD1E72C83A001C39F0 /* Build configuration list for PBXProject "EditVideo" */ = {
			isa = XCConfigurationList;
			buildConfigurations = (
				45ACB1E71E72C83B001C39F0 /* Debug */,
				45ACB1E81E72C83B001C39F0 /* Release */,
			);
			defaultConfigurationIsVisible = 0;
			defaultConfigurationName = Release;
		};
		45ACB1E91E72C83B001C39F0 /* Build configuration list for PBXNativeTarget "EditVideo" */ = {
			isa = XCConfigurationList;
			buildConfigurations = (
				45ACB1EA1E72C83B001C39F0 /* Debug */,
				45ACB1EB1E72C83B001C39F0 /* Release */,
			);
			defaultConfigurationIsVisible = 0;
			defaultConfigurationName = Release;
		};
/* End XCConfigurationList section */
	};
	rootObject = 45ACB1CA1E72C83A001C39F0 /* Project object */;
}
